<?xml version="1.0" encoding="utf-8"?>
<Project ToolsVersion="4.0" xmlns="http://schemas.microsoft.com/developer/msbuild/2003">
  <ItemGroup>
    <Filter Include="Source Files">
      <UniqueIdentifier>{a69a6f33-b040-4044-a56b-765f1d9d3ae1}</UniqueIdentifier>
      <Extensions>cpp;c;cxx;rc;def;r;odl;idl;hpj;bat</Extensions>
    </Filter>
    <Filter Include="Header Files">
      <UniqueIdentifier>{c41920f7-59ac-4972-b242-9d1a93f15b7b}</UniqueIdentifier>
      <Extensions>h;hpp;hxx;hm;inl</Extensions>
    </Filter>
    <Filter Include="Resource Files">
      <UniqueIdentifier>{9cfbd97c-512a-4f24-8988-57b96c0bc10a}</UniqueIdentifier>
      <Extensions>ico;cur;bmp;dlg;rc2;rct;bin;rgs;gif;jpg;jpeg;jpe</Extensions>
    </Filter>
  </ItemGroup>
  <ItemGroup>
    <ClCompile Include="ConfigLogging.cpp">
      <Filter>Source Files</Filter>
    </ClCompile>
    <ClCompile Include="FGenEvent.cpp">
      <Filter>Source Files</Filter>
    </ClCompile>
    <ClCompile Include="nsca-netutils.c">
      <Filter>Source Files</Filter>
    </ClCompile>
    <ClCompile Include="nsca-utils.c">
      <Filter>Source Files</Filter>
    </ClCompile>
    <ClCompile Include="nsca.c">
      <Filter>Source Files</Filter>
    </ClCompile>
    <ClCompile Include="NTService.cpp">
      <Filter>Source Files</Filter>
    </ClCompile>
    <ClCompile Include="NTSyslogCtrl.cpp">
      <Filter>Source Files</Filter>
    </ClCompile>
    <ClCompile Include="NTSyslogCtrlDlg.cpp">
      <Filter>Source Files</Filter>
    </ClCompile>
    <ClCompile Include="..\nagevlog\safestr.c">
      <Filter>Source Files</Filter>
    </ClCompile>
    <ClCompile Include="SelectServerDlg.cpp">
      <Filter>Source Files</Filter>
    </ClCompile>
    <ClCompile Include="StdAfx.cpp">
      <Filter>Source Files</Filter>
    </ClCompile>
    <ClCompile Include="SyslogDaemonDlg.cpp">
      <Filter>Source Files</Filter>
    </ClCompile>
  </ItemGroup>
  <ItemGroup>
    <ResourceCompile Include="NTSyslogCtrl.rc">
      <Filter>Source Files</Filter>
    </ResourceCompile>
  </ItemGroup>
  <ItemGroup>
    <ClInclude Include="ConfigLogging.h">
      <Filter>Header Files</Filter>
    </ClInclude>
    <ClInclude Include="FGenEvent.h">
      <Filter>Header Files</Filter>
    </ClInclude>
    <ClInclude Include="..\libmcrypt\mcrypt.h">
      <Filter>Header Files</Filter>
    </ClInclude>
    <ClInclude Include="nsca.h">
      <Filter>Header Files</Filter>
    </ClInclude>
    <ClInclude Include="NTService.h">
      <Filter>Header Files</Filter>
    </ClInclude>
    <ClInclude Include="NTService_msg.h">
      <Filter>Header Files</Filter>
    </ClInclude>
    <ClInclude Include="ntsl.h">
      <Filter>Header Files</Filter>
    </ClInclude>
    <ClInclude Include="NTSyslogCtrl.h">
      <Filter>Header Files</Filter>
    </ClInclude>
    <ClInclude Include="NTSyslogCtrlDlg.h">
      <Filter>Header Files</Filter>
    </ClInclude>
    <ClInclude Include="Resource.h">
      <Filter>Header Files</Filter>
    </ClInclude>
    <ClInclude Include="safestr.h">
      <Filter>Header Files</Filter>
    </ClInclude>
    <ClInclude Include="SelectServerDlg.h">
      <Filter>Header Files</Filter>
    </ClInclude>
    <ClInclude Include="send-nsca.h">
      <Filter>Header Files</Filter>
    </ClInclude>
    <ClInclude Include="StdAfx.h">
      <Filter>Header Files</Filter>
    </ClInclude>
    <ClInclude Include="SyslogDaemonDlg.h">
      <Filter>Header Files</Filter>
    </ClInclude>
  </ItemGroup>
  <ItemGroup>
    <Image Include="res\Error.ICO">
      <Filter>Resource Files</Filter>
    </Image>
    <Image Include="res\GreenLight.ICO">
      <Filter>Resource Files</Filter>
    </Image>
    <Image Include="res\NagEvLogCtrl.ico">
      <Filter>Resource Files</Filter>
    </Image>
    <Image Include="res\RedLight.ICO">
      <Filter>Resource Files</Filter>
    </Image>
    <Image Include="res\YellowLight.ICO">
      <Filter>Resource Files</Filter>
    </Image>
  </ItemGroup>
</Project>