<?xml version="1.0" encoding="utf-8"?>
<Project ToolsVersion="4.0" xmlns="http://schemas.microsoft.com/developer/msbuild/2003">
  <ItemGroup>
    <Filter Include="Source Files">
      <UniqueIdentifier>{c0571498-45de-4f02-80d1-697b8bee0a50}</UniqueIdentifier>
      <Extensions>*.c;*.cpp</Extensions>
    </Filter>
    <Filter Include="Header Files">
      <UniqueIdentifier>{f2745d76-d827-4031-b686-c8656ac0e9b5}</UniqueIdentifier>
      <Extensions>*.h</Extensions>
    </Filter>
    <Filter Include="Resource Files">
      <UniqueIdentifier>{8a19b3cf-83a3-44a7-8052-976aa4ee13b0}</UniqueIdentifier>
    </Filter>
  </ItemGroup>
  <ItemGroup>
    <ClCompile Include="engine.c">
      <Filter>Source Files</Filter>
    </ClCompile>
    <ClCompile Include="event.c">
      <Filter>Source Files</Filter>
    </ClCompile>
    <ClCompile Include="eventlog.c">
      <Filter>Source Files</Filter>
    </ClCompile>
    <ClCompile Include="filter.c">
      <Filter>Source Files</Filter>
    </ClCompile>
    <ClCompile Include="list.c">
      <Filter>Source Files</Filter>
    </ClCompile>
    <ClCompile Include="nsca-netutils.c">
      <Filter>Source Files</Filter>
    </ClCompile>
    <ClCompile Include="nsca-utils.c">
      <Filter>Source Files</Filter>
    </ClCompile>
    <ClCompile Include="nsca.c">
      <Filter>Source Files</Filter>
    </ClCompile>
    <ClCompile Include="ntsl.c">
      <Filter>Source Files</Filter>
    </ClCompile>
    <ClCompile Include="regerror.c">
      <Filter>Source Files</Filter>
    </ClCompile>
    <ClCompile Include="regexp.c">
      <Filter>Source Files</Filter>
    </ClCompile>
    <ClCompile Include="safestr.c">
      <Filter>Source Files</Filter>
    </ClCompile>
    <ClCompile Include="service.c">
      <Filter>Source Files</Filter>
    </ClCompile>
  </ItemGroup>
  <ItemGroup>
    <ClInclude Include="engine.h">
      <Filter>Header Files</Filter>
    </ClInclude>
    <ClInclude Include="event.h">
      <Filter>Header Files</Filter>
    </ClInclude>
    <ClInclude Include="eventlog.h">
      <Filter>Header Files</Filter>
    </ClInclude>
    <ClInclude Include="filter.h">
      <Filter>Header Files</Filter>
    </ClInclude>
    <ClInclude Include="list.h">
      <Filter>Header Files</Filter>
    </ClInclude>
    <ClInclude Include="..\libmcrypt\mcrypt.h">
      <Filter>Header Files</Filter>
    </ClInclude>
    <ClInclude Include="nsca.h">
      <Filter>Header Files</Filter>
    </ClInclude>
    <ClInclude Include="ntsl.h">
      <Filter>Header Files</Filter>
    </ClInclude>
    <ClInclude Include="regexp.h">
      <Filter>Header Files</Filter>
    </ClInclude>
    <ClInclude Include="resource.h">
      <Filter>Header Files</Filter>
    </ClInclude>
    <ClInclude Include="safestr.h">
      <Filter>Header Files</Filter>
    </ClInclude>
    <ClInclude Include="send-nsca.h">
      <Filter>Header Files</Filter>
    </ClInclude>
  </ItemGroup>
  <ItemGroup>
    <Image Include="res\NagEvLog.ico">
      <Filter>Resource Files</Filter>
    </Image>
  </ItemGroup>
  <ItemGroup>
    <ResourceCompile Include="ntsyslog.rc">
      <Filter>Resource Files</Filter>
    </ResourceCompile>
  </ItemGroup>
</Project>